
Microsoft Visual Studio Solution File, Format Version 12.00
# Visual Studio Version 16
VisualStudioVersion = 16.0.32126.315
MinimumVisualStudioVersion = 10.0.40219.1
Project("{9A19103F-16F7-4668-BE54-9A1E7A4F7556}") = "Program1", "ДЗ_12_v.1\Program1.csproj", "{B70D070F-5D20-48C8-9299-84FE700C627A}"
EndProject
Project("{9A19103F-16F7-4668-BE54-9A1E7A4F7556}") = "Program2", "Программа 2\Program2.csproj", "{2B0DBC4D-965F-4EDC-AF10-510983436E7E}"
EndProject
Global
	GlobalSection(SolutionConfigurationPlatforms) = preSolution
		Debug|Any CPU = Debug|Any CPU
		Release|Any CPU = Release|Any CPU
	EndGlobalSection
	GlobalSection(ProjectConfigurationPlatforms) = postSolution
		{B70D070F-5D20-48C8-9299-84FE700C627A}.Debug|Any CPU.ActiveCfg = Debug|Any CPU
		{B70D070F-5D20-48C8-9299-84FE700C627A}.Debug|Any CPU.Build.0 = Debug|Any CPU
		{B70D070F-5D20-48C8-9299-84FE700C627A}.Release|Any CPU.ActiveCfg = Release|Any CPU
		{B70D070F-5D20-48C8-9299-84FE700C627A}.Release|Any CPU.Build.0 = Release|Any CPU
		{2B0DBC4D-965F-4EDC-AF10-510983436E7E}.Debug|Any CPU.ActiveCfg = Debug|Any CPU
		{2B0DBC4D-965F-4EDC-AF10-510983436E7E}.Debug|Any CPU.Build.0 = Debug|Any CPU
		{2B0DBC4D-965F-4EDC-AF10-510983436E7E}.Release|Any CPU.ActiveCfg = Release|Any CPU
		{2B0DBC4D-965F-4EDC-AF10-510983436E7E}.Release|Any CPU.Build.0 = Release|Any CPU
	EndGlobalSection
	GlobalSection(SolutionProperties) = preSolution
		HideSolutionNode = FALSE
	EndGlobalSection
	GlobalSection(ExtensibilityGlobals) = postSolution
		SolutionGuid = {86EF20B7-CD33-4606-9E6D-F29AEA13E45C}
	EndGlobalSection
EndGlobal
